// !$*UTF8*$!
{
	archiveVersion = 1;
	classes = {
	};
	objectVersion = 50;
	objects = {

/* Begin PBXBuildFile section */
		0494EB732098453400F8894C /* MXLyricsPhaser.m in Sources */ = {isa = PBXBuildFile; fileRef = 0494EB722098453400F8894C /* MXLyricsPhaser.m */; };
		0494EB762098532900F8894C /* MXLyrics.m in Sources */ = {isa = PBXBuildFile; fileRef = 0494EB752098532900F8894C /* MXLyrics.m */; };
		0494EB79209955C600F8894C /* MXColorLabel.m in Sources */ = {isa = PBXBuildFile; fileRef = 0494EB78209955C600F8894C /* MXColorLabel.m */; };
		0494EB7C20995D9A00F8894C /* MXCenterScrollView.m in Sources */ = {isa = PBXBuildFile; fileRef = 0494EB7B20995D9A00F8894C /* MXCenterScrollView.m */; };
		0494EB8220995F6D00F8894C /* MXCenterLyricsView.m in Sources */ = {isa = PBXBuildFile; fileRef = 0494EB8120995F6D00F8894C /* MXCenterLyricsView.m */; };
		0494EB8520995FBC00F8894C /* MXCenterRecommendView.m in Sources */ = {isa = PBXBuildFile; fileRef = 0494EB8420995FBC00F8894C /* MXCenterRecommendView.m */; };
		049D2932209AB49500497CAC /* MXLyricsTableViewCell.m in Sources */ = {isa = PBXBuildFile; fileRef = 049D2931209AB49500497CAC /* MXLyricsTableViewCell.m */; };
		049D2935209AB4A400497CAC /* MXRecommendTableViewCell.m in Sources */ = {isa = PBXBuildFile; fileRef = 049D2934209AB4A400497CAC /* MXRecommendTableViewCell.m */; };
		04C55DE22096BA9F00C9BE9A /* AppDelegate.m in Sources */ = {isa = PBXBuildFile; fileRef = 04C55DDB2096BA9F00C9BE9A /* AppDelegate.m */; };
		04C55DE32096BA9F00C9BE9A /* Assets.xcassets in Resources */ = {isa = PBXBuildFile; fileRef = 04C55DDD2096BA9F00C9BE9A /* Assets.xcassets */; };
		04C55DE42096BA9F00C9BE9A /* main.m in Sources */ = {isa = PBXBuildFile; fileRef = 04C55DDE2096BA9F00C9BE9A /* main.m */; };
		04C55DE52096BA9F00C9BE9A /* Info.plist in Resources */ = {isa = PBXBuildFile; fileRef = 04C55DDF2096BA9F00C9BE9A /* Info.plist */; };
		04FD5FF62096BD9E007DBAE5 /* MXMainViewController.m in Sources */ = {isa = PBXBuildFile; fileRef = 04FD5FF52096BD9E007DBAE5 /* MXMainViewController.m */; };
		04FD5FFC2096D94F007DBAE5 /* MXCenterView.m in Sources */ = {isa = PBXBuildFile; fileRef = 04FD5FFB2096D94F007DBAE5 /* MXCenterView.m */; };
		04FD60002096D97E007DBAE5 /* MXBottomView.m in Sources */ = {isa = PBXBuildFile; fileRef = 04FD5FFF2096D97E007DBAE5 /* MXBottomView.m */; };
		04FD601420970169007DBAE5 /* 赵雷 - 南方姑娘.lrc in Resources */ = {isa = PBXBuildFile; fileRef = 04FD600720970168007DBAE5 /* 赵雷 - 南方姑娘.lrc */; };
		04FD601520970169007DBAE5 /* 谢春花 - 借我.mp3 in Resources */ = {isa = PBXBuildFile; fileRef = 04FD600820970168007DBAE5 /* 谢春花 - 借我.mp3 */; };
		04FD601620970169007DBAE5 /* 谢春花 - 借我.lrc in Resources */ = {isa = PBXBuildFile; fileRef = 04FD600920970168007DBAE5 /* 谢春花 - 借我.lrc */; };
		04FD601720970169007DBAE5 /* 赵雷 - 南方姑娘.mp3 in Resources */ = {isa = PBXBuildFile; fileRef = 04FD600A20970168007DBAE5 /* 赵雷 - 南方姑娘.mp3 */; };
		04FD601820970169007DBAE5 /* 朋友陪你醉.mp3 in Resources */ = {isa = PBXBuildFile; fileRef = 04FD600B20970168007DBAE5 /* 朋友陪你醉.mp3 */; };
		04FD601920970169007DBAE5 /* 静静的看着你装逼.lrc in Resources */ = {isa = PBXBuildFile; fileRef = 04FD600C20970168007DBAE5 /* 静静的看着你装逼.lrc */; };
		04FD601A20970169007DBAE5 /* mlist.plist in Resources */ = {isa = PBXBuildFile; fileRef = 04FD600D20970168007DBAE5 /* mlist.plist */; };
		04FD601B20970169007DBAE5 /* 朋友陪你醉.lrc in Resources */ = {isa = PBXBuildFile; fileRef = 04FD600E20970168007DBAE5 /* 朋友陪你醉.lrc */; };
		04FD601C20970169007DBAE5 /* 静静的看着你装逼.mp3 in Resources */ = {isa = PBXBuildFile; fileRef = 04FD600F20970168007DBAE5 /* 静静的看着你装逼.mp3 */; };
		04FD601D20970169007DBAE5 /* 夏婉安 - 六楼.lrc in Resources */ = {isa = PBXBuildFile; fileRef = 04FD601020970168007DBAE5 /* 夏婉安 - 六楼.lrc */; };
		04FD601E20970169007DBAE5 /* 谢春花 - 雀斑少女.mp3 in Resources */ = {isa = PBXBuildFile; fileRef = 04FD601120970168007DBAE5 /* 谢春花 - 雀斑少女.mp3 */; };
		04FD601F20970169007DBAE5 /* 谢春花 - 雀斑少女.lrc in Resources */ = {isa = PBXBuildFile; fileRef = 04FD601220970168007DBAE5 /* 谢春花 - 雀斑少女.lrc */; };
		04FD602020970169007DBAE5 /* 夏婉安 - 六楼.mp3 in Resources */ = {isa = PBXBuildFile; fileRef = 04FD601320970168007DBAE5 /* 夏婉安 - 六楼.mp3 */; };
		04FD60232097018A007DBAE5 /* MXMusic.m in Sources */ = {isa = PBXBuildFile; fileRef = 04FD60222097018A007DBAE5 /* MXMusic.m */; };
		04FD602620971301007DBAE5 /* MXPlayManager.m in Sources */ = {isa = PBXBuildFile; fileRef = 04FD602520971301007DBAE5 /* MXPlayManager.m */; };
		04FD6029209735DA007DBAE5 /* MXTimeTool.m in Sources */ = {isa = PBXBuildFile; fileRef = 04FD6028209735DA007DBAE5 /* MXTimeTool.m */; };
		AA42E1218CDA7C81155B16DC /* libPods-EchoQQMusicImitate.a in Frameworks */ = {isa = PBXBuildFile; fileRef = 9A51E8FB43F06B2C078A28B1 /* libPods-EchoQQMusicImitate.a */; };
/* End PBXBuildFile section */

/* Begin PBXFileReference section */
		0494EB712098453400F8894C /* MXLyricsPhaser.h */ = {isa = PBXFileReference; lastKnownFileType = sourcecode.c.h; path = MXLyricsPhaser.h; sourceTree = "<group>"; };
		0494EB722098453400F8894C /* MXLyricsPhaser.m */ = {isa = PBXFileReference; lastKnownFileType = sourcecode.c.objc; path = MXLyricsPhaser.m; sourceTree = "<group>"; };
		0494EB742098532900F8894C /* MXLyrics.h */ = {isa = PBXFileReference; lastKnownFileType = sourcecode.c.h; path = MXLyrics.h; sourceTree = "<group>"; };
		0494EB752098532900F8894C /* MXLyrics.m */ = {isa = PBXFileReference; lastKnownFileType = sourcecode.c.objc; path = MXLyrics.m; sourceTree = "<group>"; };
		0494EB77209955C600F8894C /* MXColorLabel.h */ = {isa = PBXFileReference; lastKnownFileType = sourcecode.c.h; path = MXColorLabel.h; sourceTree = "<group>"; };
		0494EB78209955C600F8894C /* MXColorLabel.m */ = {isa = PBXFileReference; lastKnownFileType = sourcecode.c.objc; path = MXColorLabel.m; sourceTree = "<group>"; };
		0494EB7A20995D9A00F8894C /* MXCenterScrollView.h */ = {isa = PBXFileReference; lastKnownFileType = sourcecode.c.h; path = MXCenterScrollView.h; sourceTree = "<group>"; };
		0494EB7B20995D9A00F8894C /* MXCenterScrollView.m */ = {isa = PBXFileReference; lastKnownFileType = sourcecode.c.objc; path = MXCenterScrollView.m; sourceTree = "<group>"; };
		0494EB8020995F6D00F8894C /* MXCenterLyricsView.h */ = {isa = PBXFileReference; lastKnownFileType = sourcecode.c.h; path = MXCenterLyricsView.h; sourceTree = "<group>"; };
		0494EB8120995F6D00F8894C /* MXCenterLyricsView.m */ = {isa = PBXFileReference; lastKnownFileType = sourcecode.c.objc; path = MXCenterLyricsView.m; sourceTree = "<group>"; };
		0494EB8320995FBC00F8894C /* MXCenterRecommendView.h */ = {isa = PBXFileReference; lastKnownFileType = sourcecode.c.h; path = MXCenterRecommendView.h; sourceTree = "<group>"; };
		0494EB8420995FBC00F8894C /* MXCenterRecommendView.m */ = {isa = PBXFileReference; lastKnownFileType = sourcecode.c.objc; path = MXCenterRecommendView.m; sourceTree = "<group>"; };
		049D2930209AB49500497CAC /* MXLyricsTableViewCell.h */ = {isa = PBXFileReference; lastKnownFileType = sourcecode.c.h; path = MXLyricsTableViewCell.h; sourceTree = "<group>"; };
		049D2931209AB49500497CAC /* MXLyricsTableViewCell.m */ = {isa = PBXFileReference; lastKnownFileType = sourcecode.c.objc; path = MXLyricsTableViewCell.m; sourceTree = "<group>"; };
		049D2933209AB4A400497CAC /* MXRecommendTableViewCell.h */ = {isa = PBXFileReference; lastKnownFileType = sourcecode.c.h; path = MXRecommendTableViewCell.h; sourceTree = "<group>"; };
		049D2934209AB4A400497CAC /* MXRecommendTableViewCell.m */ = {isa = PBXFileReference; lastKnownFileType = sourcecode.c.objc; path = MXRecommendTableViewCell.m; sourceTree = "<group>"; };
		04C55DBA2096B60300C9BE9A /* EchoQQMusicImitate.app */ = {isa = PBXFileReference; explicitFileType = wrapper.application; includeInIndex = 0; path = EchoQQMusicImitate.app; sourceTree = BUILT_PRODUCTS_DIR; };
		04C55DDA2096BA9F00C9BE9A /* AppDelegate.h */ = {isa = PBXFileReference; fileEncoding = 4; lastKnownFileType = sourcecode.c.h; path = AppDelegate.h; sourceTree = "<group>"; };
		04C55DDB2096BA9F00C9BE9A /* AppDelegate.m */ = {isa = PBXFileReference; fileEncoding = 4; lastKnownFileType = sourcecode.c.objc; path = AppDelegate.m; sourceTree = "<group>"; };
		04C55DDD2096BA9F00C9BE9A /* Assets.xcassets */ = {isa = PBXFileReference; lastKnownFileType = folder.assetcatalog; path = Assets.xcassets; sourceTree = "<group>"; };
		04C55DDE2096BA9F00C9BE9A /* main.m */ = {isa = PBXFileReference; fileEncoding = 4; lastKnownFileType = sourcecode.c.objc; path = main.m; sourceTree = "<group>"; };
		04C55DDF2096BA9F00C9BE9A /* Info.plist */ = {isa = PBXFileReference; fileEncoding = 4; lastKnownFileType = text.plist.xml; path = Info.plist; sourceTree = "<group>"; };
		04FD5FF42096BD9E007DBAE5 /* MXMainViewController.h */ = {isa = PBXFileReference; lastKnownFileType = sourcecode.c.h; path = MXMainViewController.h; sourceTree = "<group>"; };
		04FD5FF52096BD9E007DBAE5 /* MXMainViewController.m */ = {isa = PBXFileReference; lastKnownFileType = sourcecode.c.objc; path = MXMainViewController.m; sourceTree = "<group>"; };
		04FD5FFA2096D94F007DBAE5 /* MXCenterView.h */ = {isa = PBXFileReference; lastKnownFileType = sourcecode.c.h; path = MXCenterView.h; sourceTree = "<group>"; };
		04FD5FFB2096D94F007DBAE5 /* MXCenterView.m */ = {isa = PBXFileReference; lastKnownFileType = sourcecode.c.objc; path = MXCenterView.m; sourceTree = "<group>"; };
		04FD5FFE2096D97E007DBAE5 /* MXBottomView.h */ = {isa = PBXFileReference; lastKnownFileType = sourcecode.c.h; path = MXBottomView.h; sourceTree = "<group>"; };
		04FD5FFF2096D97E007DBAE5 /* MXBottomView.m */ = {isa = PBXFileReference; lastKnownFileType = sourcecode.c.objc; path = MXBottomView.m; sourceTree = "<group>"; };
		04FD60022096DAA7007DBAE5 /* PrefixHeader.pch */ = {isa = PBXFileReference; lastKnownFileType = sourcecode.c.h; path = PrefixHeader.pch; sourceTree = "<group>"; };
		04FD60032096DABE007DBAE5 /* MXDefine.h */ = {isa = PBXFileReference; lastKnownFileType = sourcecode.c.h; path = MXDefine.h; sourceTree = "<group>"; };
		04FD600720970168007DBAE5 /* 赵雷 - 南方姑娘.lrc */ = {isa = PBXFileReference; fileEncoding = 4; lastKnownFileType = text; path = "赵雷 - 南方姑娘.lrc"; sourceTree = "<group>"; };
		04FD600820970168007DBAE5 /* 谢春花 - 借我.mp3 */ = {isa = PBXFileReference; lastKnownFileType = audio.mp3; path = "谢春花 - 借我.mp3"; sourceTree = "<group>"; };
		04FD600920970168007DBAE5 /* 谢春花 - 借我.lrc */ = {isa = PBXFileReference; fileEncoding = 4; lastKnownFileType = text; path = "谢春花 - 借我.lrc"; sourceTree = "<group>"; };
		04FD600A20970168007DBAE5 /* 赵雷 - 南方姑娘.mp3 */ = {isa = PBXFileReference; lastKnownFileType = audio.mp3; path = "赵雷 - 南方姑娘.mp3"; sourceTree = "<group>"; };
		04FD600B20970168007DBAE5 /* 朋友陪你醉.mp3 */ = {isa = PBXFileReference; lastKnownFileType = audio.mp3; path = "朋友陪你醉.mp3"; sourceTree = "<group>"; };
		04FD600C20970168007DBAE5 /* 静静的看着你装逼.lrc */ = {isa = PBXFileReference; fileEncoding = 4; lastKnownFileType = text; path = "静静的看着你装逼.lrc"; sourceTree = "<group>"; };
		04FD600D20970168007DBAE5 /* mlist.plist */ = {isa = PBXFileReference; fileEncoding = 4; lastKnownFileType = text.plist.xml; path = mlist.plist; sourceTree = "<group>"; };
		04FD600E20970168007DBAE5 /* 朋友陪你醉.lrc */ = {isa = PBXFileReference; fileEncoding = 4; lastKnownFileType = text; path = "朋友陪你醉.lrc"; sourceTree = "<group>"; };
		04FD600F20970168007DBAE5 /* 静静的看着你装逼.mp3 */ = {isa = PBXFileReference; lastKnownFileType = audio.mp3; path = "静静的看着你装逼.mp3"; sourceTree = "<group>"; };
		04FD601020970168007DBAE5 /* 夏婉安 - 六楼.lrc */ = {isa = PBXFileReference; fileEncoding = 4; lastKnownFileType = text; path = "夏婉安 - 六楼.lrc"; sourceTree = "<group>"; };
		04FD601120970168007DBAE5 /* 谢春花 - 雀斑少女.mp3 */ = {isa = PBXFileReference; lastKnownFileType = audio.mp3; path = "谢春花 - 雀斑少女.mp3"; sourceTree = "<group>"; };
		04FD601220970168007DBAE5 /* 谢春花 - 雀斑少女.lrc */ = {isa = PBXFileReference; fileEncoding = 4; lastKnownFileType = text; path = "谢春花 - 雀斑少女.lrc"; sourceTree = "<group>"; };
		04FD601320970168007DBAE5 /* 夏婉安 - 六楼.mp3 */ = {isa = PBXFileReference; lastKnownFileType = audio.mp3; path = "夏婉安 - 六楼.mp3"; sourceTree = "<group>"; };
		04FD60212097018A007DBAE5 /* MXMusic.h */ = {isa = PBXFileReference; lastKnownFileType = sourcecode.c.h; path = MXMusic.h; sourceTree = "<group>"; };
		04FD60222097018A007DBAE5 /* MXMusic.m */ = {isa = PBXFileReference; lastKnownFileType = sourcecode.c.objc; path = MXMusic.m; sourceTree = "<group>"; };
		04FD602420971301007DBAE5 /* MXPlayManager.h */ = {isa = PBXFileReference; lastKnownFileType = sourcecode.c.h; path = MXPlayManager.h; sourceTree = "<group>"; };
		04FD602520971301007DBAE5 /* MXPlayManager.m */ = {isa = PBXFileReference; lastKnownFileType = sourcecode.c.objc; path = MXPlayManager.m; sourceTree = "<group>"; };
		04FD6027209735DA007DBAE5 /* MXTimeTool.h */ = {isa = PBXFileReference; lastKnownFileType = sourcecode.c.h; path = MXTimeTool.h; sourceTree = "<group>"; };
		04FD6028209735DA007DBAE5 /* MXTimeTool.m */ = {isa = PBXFileReference; lastKnownFileType = sourcecode.c.objc; path = MXTimeTool.m; sourceTree = "<group>"; };
		47215FEA1954C79CAF6156A8 /* Pods-EchoQQMusicImitate.debug.xcconfig */ = {isa = PBXFileReference; includeInIndex = 1; lastKnownFileType = text.xcconfig; name = "Pods-EchoQQMusicImitate.debug.xcconfig"; path = "Pods/Target Support Files/Pods-EchoQQMusicImitate/Pods-EchoQQMusicImitate.debug.xcconfig"; sourceTree = "<group>"; };
		8FC7C8B7E29A53C99B8162A3 /* Pods-EchoQQMusicImitate.release.xcconfig */ = {isa = PBXFileReference; includeInIndex = 1; lastKnownFileType = text.xcconfig; name = "Pods-EchoQQMusicImitate.release.xcconfig"; path = "Pods/Target Support Files/Pods-EchoQQMusicImitate/Pods-EchoQQMusicImitate.release.xcconfig"; sourceTree = "<group>"; };
		9A51E8FB43F06B2C078A28B1 /* libPods-EchoQQMusicImitate.a */ = {isa = PBXFileReference; explicitFileType = archive.ar; includeInIndex = 0; path = "libPods-EchoQQMusicImitate.a"; sourceTree = BUILT_PRODUCTS_DIR; };
/* End PBXFileReference section */

/* Begin PBXFrameworksBuildPhase section */
		04C55DB72096B60300C9BE9A /* Frameworks */ = {
			isa = PBXFrameworksBuildPhase;
			buildActionMask = 2147483647;
			files = (
				AA42E1218CDA7C81155B16DC /* libPods-EchoQQMusicImitate.a in Frameworks */,
			);
			runOnlyForDeploymentPostprocessing = 0;
		};
/* End PBXFrameworksBuildPhase section */

/* Begin PBXGroup section */
		04C55DB12096B60300C9BE9A = {
			isa = PBXGroup;
			children = (
				04C55DBC2096B60300C9BE9A /* EchoQQMusicImitate */,
				04C55DBB2096B60300C9BE9A /* Products */,
				9409674A15FCF03A95D87A4F /* Pods */,
				56D3F2551DE4AA26D95C74BB /* Frameworks */,
			);
			sourceTree = "<group>";
		};
		04C55DBB2096B60300C9BE9A /* Products */ = {
			isa = PBXGroup;
			children = (
				04C55DBA2096B60300C9BE9A /* EchoQQMusicImitate.app */,
			);
			name = Products;
			sourceTree = "<group>";
		};
		04C55DBC2096B60300C9BE9A /* EchoQQMusicImitate */ = {
			isa = PBXGroup;
			children = (
				04C55DD42096BA9E00C9BE9A /* Controller */,
				04C55DE02096BA9F00C9BE9A /* Model */,
				04C55DD82096BA9E00C9BE9A /* View */,
				04C55DD32096BA9E00C9BE9A /* Tool */,
				04C55DD92096BA9F00C9BE9A /* Others */,
				04FD60012096DA98007DBAE5 /* PublicDefine */,
				04C55DDC2096BA9F00C9BE9A /* SupportingFiles */,
				04FD600620970168007DBAE5 /* Source */,
				04C55DDF2096BA9F00C9BE9A /* Info.plist */,
				04C55DDD2096BA9F00C9BE9A /* Assets.xcassets */,
			);
			path = EchoQQMusicImitate;
			sourceTree = "<group>";
		};
		04C55DD32096BA9E00C9BE9A /* Tool */ = {
			isa = PBXGroup;
			children = (
				04FD602420971301007DBAE5 /* MXPlayManager.h */,
				04FD602520971301007DBAE5 /* MXPlayManager.m */,
				04FD6027209735DA007DBAE5 /* MXTimeTool.h */,
				04FD6028209735DA007DBAE5 /* MXTimeTool.m */,
				0494EB712098453400F8894C /* MXLyricsPhaser.h */,
				0494EB722098453400F8894C /* MXLyricsPhaser.m */,
			);
			path = Tool;
			sourceTree = "<group>";
		};
		04C55DD42096BA9E00C9BE9A /* Controller */ = {
			isa = PBXGroup;
			children = (
				04FD5FF42096BD9E007DBAE5 /* MXMainViewController.h */,
				04FD5FF52096BD9E007DBAE5 /* MXMainViewController.m */,
			);
			path = Controller;
			sourceTree = "<group>";
		};
		04C55DD82096BA9E00C9BE9A /* View */ = {
			isa = PBXGroup;
			children = (
				04FD5FFA2096D94F007DBAE5 /* MXCenterView.h */,
				04FD5FFB2096D94F007DBAE5 /* MXCenterView.m */,
				04FD5FFE2096D97E007DBAE5 /* MXBottomView.h */,
				04FD5FFF2096D97E007DBAE5 /* MXBottomView.m */,
				0494EB77209955C600F8894C /* MXColorLabel.h */,
				0494EB78209955C600F8894C /* MXColorLabel.m */,
				0494EB7A20995D9A00F8894C /* MXCenterScrollView.h */,
				0494EB7B20995D9A00F8894C /* MXCenterScrollView.m */,
				0494EB8020995F6D00F8894C /* MXCenterLyricsView.h */,
				0494EB8120995F6D00F8894C /* MXCenterLyricsView.m */,
				0494EB8320995FBC00F8894C /* MXCenterRecommendView.h */,
				0494EB8420995FBC00F8894C /* MXCenterRecommendView.m */,
				049D2930209AB49500497CAC /* MXLyricsTableViewCell.h */,
				049D2931209AB49500497CAC /* MXLyricsTableViewCell.m */,
				049D2933209AB4A400497CAC /* MXRecommendTableViewCell.h */,
				049D2934209AB4A400497CAC /* MXRecommendTableViewCell.m */,
			);
			path = View;
			sourceTree = "<group>";
		};
		04C55DD92096BA9F00C9BE9A /* Others */ = {
			isa = PBXGroup;
			children = (
				04C55DDA2096BA9F00C9BE9A /* AppDelegate.h */,
				04C55DDB2096BA9F00C9BE9A /* AppDelegate.m */,
			);
			path = Others;
			sourceTree = "<group>";
		};
		04C55DDC2096BA9F00C9BE9A /* SupportingFiles */ = {
			isa = PBXGroup;
			children = (
				04C55DDE2096BA9F00C9BE9A /* main.m */,
			);
			path = SupportingFiles;
			sourceTree = "<group>";
		};
		04C55DE02096BA9F00C9BE9A /* Model */ = {
			isa = PBXGroup;
			children = (
				04FD60212097018A007DBAE5 /* MXMusic.h */,
				04FD60222097018A007DBAE5 /* MXMusic.m */,
				0494EB742098532900F8894C /* MXLyrics.h */,
				0494EB752098532900F8894C /* MXLyrics.m */,
			);
			path = Model;
			sourceTree = "<group>";
		};
		04FD60012096DA98007DBAE5 /* PublicDefine */ = {
			isa = PBXGroup;
			children = (
				04FD60022096DAA7007DBAE5 /* PrefixHeader.pch */,
				04FD60032096DABE007DBAE5 /* MXDefine.h */,
			);
			path = PublicDefine;
			sourceTree = "<group>";
		};
		04FD600620970168007DBAE5 /* Source */ = {
			isa = PBXGroup;
			children = (
				04FD600720970168007DBAE5 /* 赵雷 - 南方姑娘.lrc */,
				04FD600820970168007DBAE5 /* 谢春花 - 借我.mp3 */,
				04FD600920970168007DBAE5 /* 谢春花 - 借我.lrc */,
				04FD600A20970168007DBAE5 /* 赵雷 - 南方姑娘.mp3 */,
				04FD600B20970168007DBAE5 /* 朋友陪你醉.mp3 */,
				04FD600C20970168007DBAE5 /* 静静的看着你装逼.lrc */,
				04FD600D20970168007DBAE5 /* mlist.plist */,
				04FD600E20970168007DBAE5 /* 朋友陪你醉.lrc */,
				04FD600F20970168007DBAE5 /* 静静的看着你装逼.mp3 */,
				04FD601020970168007DBAE5 /* 夏婉安 - 六楼.lrc */,
				04FD601120970168007DBAE5 /* 谢春花 - 雀斑少女.mp3 */,
				04FD601220970168007DBAE5 /* 谢春花 - 雀斑少女.lrc */,
				04FD601320970168007DBAE5 /* 夏婉安 - 六楼.mp3 */,
			);
			path = Source;
			sourceTree = "<group>";
		};
		56D3F2551DE4AA26D95C74BB /* Frameworks */ = {
			isa = PBXGroup;
			children = (
				9A51E8FB43F06B2C078A28B1 /* libPods-EchoQQMusicImitate.a */,
			);
			name = Frameworks;
			sourceTree = "<group>";
		};
		9409674A15FCF03A95D87A4F /* Pods */ = {
			isa = PBXGroup;
			children = (
				47215FEA1954C79CAF6156A8 /* Pods-EchoQQMusicImitate.debug.xcconfig */,
				8FC7C8B7E29A53C99B8162A3 /* Pods-EchoQQMusicImitate.release.xcconfig */,
			);
			name = Pods;
			sourceTree = "<group>";
		};
/* End PBXGroup section */

/* Begin PBXNativeTarget section */
		04C55DB92096B60300C9BE9A /* EchoQQMusicImitate */ = {
			isa = PBXNativeTarget;
			buildConfigurationList = 04C55DD02096B60400C9BE9A /* Build configuration list for PBXNativeTarget "EchoQQMusicImitate" */;
			buildPhases = (
				67E5331471121D6112D04150 /* [CP] Check Pods Manifest.lock */,
				04C55DB62096B60300C9BE9A /* Sources */,
				04C55DB72096B60300C9BE9A /* Frameworks */,
				04C55DB82096B60300C9BE9A /* Resources */,
			);
			buildRules = (
			);
			dependencies = (
			);
			name = EchoQQMusicImitate;
			productName = EchoQQMusicImitate;
			productReference = 04C55DBA2096B60300C9BE9A /* EchoQQMusicImitate.app */;
			productType = "com.apple.product-type.application";
		};
/* End PBXNativeTarget section */

/* Begin PBXProject section */
		04C55DB22096B60300C9BE9A /* Project object */ = {
			isa = PBXProject;
			attributes = {
				CLASSPREFIX = MX;
				LastUpgradeCheck = 0930;
				ORGANIZATIONNAME = mac;
				TargetAttributes = {
					04C55DB92096B60300C9BE9A = {
						CreatedOnToolsVersion = 9.3;
					};
				};
			};
			buildConfigurationList = 04C55DB52096B60300C9BE9A /* Build configuration list for PBXProject "EchoQQMusicImitate" */;
			compatibilityVersion = "Xcode 9.3";
			developmentRegion = en;
			hasScannedForEncodings = 0;
			knownRegions = (
				en,
				Base,
			);
			mainGroup = 04C55DB12096B60300C9BE9A;
			productRefGroup = 04C55DBB2096B60300C9BE9A /* Products */;
			projectDirPath = "";
			projectRoot = "";
			targets = (
				04C55DB92096B60300C9BE9A /* EchoQQMusicImitate */,
			);
		};
/* End PBXProject section */

/* Begin PBXResourcesBuildPhase section */
		04C55DB82096B60300C9BE9A /* Resources */ = {
			isa = PBXResourcesBuildPhase;
			buildActionMask = 2147483647;
			files = (
				04FD601C20970169007DBAE5 /* 静静的看着你装逼.mp3 in Resources */,
				04C55DE52096BA9F00C9BE9A /* Info.plist in Resources */,
				04FD601D20970169007DBAE5 /* 夏婉安 - 六楼.lrc in Resources */,
				04FD601720970169007DBAE5 /* 赵雷 - 南方姑娘.mp3 in Resources */,
				04FD601A20970169007DBAE5 /* mlist.plist in Resources */,
				04FD602020970169007DBAE5 /* 夏婉安 - 六楼.mp3 in Resources */,
				04FD601620970169007DBAE5 /* 谢春花 - 借我.lrc in Resources */,
				04FD601420970169007DBAE5 /* 赵雷 - 南方姑娘.lrc in Resources */,
				04FD601B20970169007DBAE5 /* 朋友陪你醉.lrc in Resources */,
				04FD601E20970169007DBAE5 /* 谢春花 - 雀斑少女.mp3 in Resources */,
				04FD601F20970169007DBAE5 /* 谢春花 - 雀斑少女.lrc in Resources */,
				04C55DE32096BA9F00C9BE9A /* Assets.xcassets in Resources */,
				04FD601920970169007DBAE5 /* 静静的看着你装逼.lrc in Resources */,
				04FD601820970169007DBAE5 /* 朋友陪你醉.mp3 in Resources */,
				04FD601520970169007DBAE5 /* 谢春花 - 借我.mp3 in Resources */,
			);
			runOnlyForDeploymentPostprocessing = 0;
		};
/* End PBXResourcesBuildPhase section */

/* Begin PBXShellScriptBuildPhase section */
		67E5331471121D6112D04150 /* [CP] Check Pods Manifest.lock */ = {
			isa = PBXShellScriptBuildPhase;
			buildActionMask = 2147483647;
			files = (
			);
			inputPaths = (
				"${PODS_PODFILE_DIR_PATH}/Podfile.lock",
				"${PODS_ROOT}/Manifest.lock",
			);
			name = "[CP] Check Pods Manifest.lock";
			outputPaths = (
				"$(DERIVED_FILE_DIR)/Pods-EchoQQMusicImitate-checkManifestLockResult.txt",
			);
			runOnlyForDeploymentPostprocessing = 0;
			shellPath = /bin/sh;
			shellScript = "diff \"${PODS_PODFILE_DIR_PATH}/Podfile.lock\" \"${PODS_ROOT}/Manifest.lock\" > /dev/null\nif [ $? != 0 ] ; then\n    # print error to STDERR\n    echo \"error: The sandbox is not in sync with the Podfile.lock. Run 'pod install' or update your CocoaPods installation.\" >&2\n    exit 1\nfi\n# This output is used by Xcode 'outputs' to avoid re-running this script phase.\necho \"SUCCESS\" > \"${SCRIPT_OUTPUT_FILE_0}\"\n";
			showEnvVarsInLog = 0;
		};
/* End PBXShellScriptBuildPhase section */

/* Begin PBXSourcesBuildPhase section */
		04C55DB62096B60300C9BE9A /* Sources */ = {
			isa = PBXSourcesBuildPhase;
			buildActionMask = 2147483647;
			files = (
				04FD602620971301007DBAE5 /* MXPlayManager.m in Sources */,
				0494EB8220995F6D00F8894C /* MXCenterLyricsView.m in Sources */,
				0494EB732098453400F8894C /* MXLyricsPhaser.m in Sources */,
				04FD60002096D97E007DBAE5 /* MXBottomView.m in Sources */,
				04FD6029209735DA007DBAE5 /* MXTimeTool.m in Sources */,
				04FD5FFC2096D94F007DBAE5 /* MXCenterView.m in Sources */,
				0494EB79209955C600F8894C /* MXColorLabel.m in Sources */,
				04C55DE42096BA9F00C9BE9A /* main.m in Sources */,
				0494EB762098532900F8894C /* MXLyrics.m in Sources */,
				049D2932209AB49500497CAC /* MXLyricsTableViewCell.m in Sources */,
				0494EB7C20995D9A00F8894C /* MXCenterScrollView.m in Sources */,
				04FD60232097018A007DBAE5 /* MXMusic.m in Sources */,
				049D2935209AB4A400497CAC /* MXRecommendTableViewCell.m in Sources */,
				04FD5FF62096BD9E007DBAE5 /* MXMainViewController.m in Sources */,
				0494EB8520995FBC00F8894C /* MXCenterRecommendView.m in Sources */,
				04C55DE22096BA9F00C9BE9A /* AppDelegate.m in Sources */,
			);
			runOnlyForDeploymentPostprocessing = 0;
		};
/* End PBXSourcesBuildPhase section */

/* Begin XCBuildConfiguration section */
		04C55DCE2096B60400C9BE9A /* Debug */ = {
			isa = XCBuildConfiguration;
			buildSettings = {
				ALWAYS_SEARCH_USER_PATHS = NO;
				CLANG_ANALYZER_NONNULL = YES;
				CLANG_ANALYZER_NUMBER_OBJECT_CONVERSION = YES_AGGRESSIVE;
				CLANG_CXX_LANGUAGE_STANDARD = "gnu++14";
				CLANG_CXX_LIBRARY = "libc++";
				CLANG_ENABLE_MODULES = YES;
				CLANG_ENABLE_OBJC_ARC = YES;
				CLANG_ENABLE_OBJC_WEAK = YES;
				CLANG_WARN_BLOCK_CAPTURE_AUTORELEASING = YES;
				CLANG_WARN_BOOL_CONVERSION = YES;
				CLANG_WARN_COMMA = YES;
				CLANG_WARN_CONSTANT_CONVERSION = YES;
				CLANG_WARN_DEPRECATED_OBJC_IMPLEMENTATIONS = YES;
				CLANG_WARN_DIRECT_OBJC_ISA_USAGE = YES_ERROR;
				CLANG_WARN_DOCUMENTATION_COMMENTS = YES;
				CLANG_WARN_EMPTY_BODY = YES;
				CLANG_WARN_ENUM_CONVERSION = YES;
				CLANG_WARN_INFINITE_RECURSION = YES;
				CLANG_WARN_INT_CONVERSION = YES;
				CLANG_WARN_NON_LITERAL_NULL_CONVERSION = YES;
				CLANG_WARN_OBJC_IMPLICIT_RETAIN_SELF = YES;
				CLANG_WARN_OBJC_LITERAL_CONVERSION = YES;
				CLANG_WARN_OBJC_ROOT_CLASS = YES_ERROR;
				CLANG_WARN_RANGE_LOOP_ANALYSIS = YES;
				CLANG_WARN_STRICT_PROTOTYPES = YES;
				CLANG_WARN_SUSPICIOUS_MOVE = YES;
				CLANG_WARN_UNGUARDED_AVAILABILITY = YES_AGGRESSIVE;
				CLANG_WARN_UNREACHABLE_CODE = YES;
				CLANG_WARN__DUPLICATE_METHOD_MATCH = YES;
				CODE_SIGN_IDENTITY = "iPhone Developer";
				COPY_PHASE_STRIP = NO;
				DEBUG_INFORMATION_FORMAT = dwarf;
				ENABLE_STRICT_OBJC_MSGSEND = YES;
				ENABLE_TESTABILITY = YES;
				GCC_C_LANGUAGE_STANDARD = gnu11;
				GCC_DYNAMIC_NO_PIC = NO;
				GCC_NO_COMMON_BLOCKS = YES;
				GCC_OPTIMIZATION_LEVEL = 0;
				GCC_PREPROCESSOR_DEFINITIONS = (
					"DEBUG=1",
					"$(inherited)",
				);
				GCC_WARN_64_TO_32_BIT_CONVERSION = YES;
				GCC_WARN_ABOUT_RETURN_TYPE = YES_ERROR;
				GCC_WARN_UNDECLARED_SELECTOR = YES;
				GCC_WARN_UNINITIALIZED_AUTOS = YES_AGGRESSIVE;
				GCC_WARN_UNUSED_FUNCTION = YES;
				GCC_WARN_UNUSED_VARIABLE = YES;
				IPHONEOS_DEPLOYMENT_TARGET = 11.3;
				MTL_ENABLE_DEBUG_INFO = YES;
				ONLY_ACTIVE_ARCH = YES;
				SDKROOT = iphoneos;
			};
			name = Debug;
		};
		04C55DCF2096B60400C9BE9A /* Release */ = {
			isa = XCBuildConfiguration;
			buildSettings = {
				ALWAYS_SEARCH_USER_PATHS = NO;
				CLANG_ANALYZER_NONNULL = YES;
				CLANG_ANALYZER_NUMBER_OBJECT_CONVERSION = YES_AGGRESSIVE;
				CLANG_CXX_LANGUAGE_STANDARD = "gnu++14";
				CLANG_CXX_LIBRARY = "libc++";
				CLANG_ENABLE_MODULES = YES;
				CLANG_ENABLE_OBJC_ARC = YES;
				CLANG_ENABLE_OBJC_WEAK = YES;
				CLANG_WARN_BLOCK_CAPTURE_AUTORELEASING = YES;
				CLANG_WARN_BOOL_CONVERSION = YES;
				CLANG_WARN_COMMA = YES;
				CLANG_WARN_CONSTANT_CONVERSION = YES;
				CLANG_WARN_DEPRECATED_OBJC_IMPLEMENTATIONS = YES;
				CLANG_WARN_DIRECT_OBJC_ISA_USAGE = YES_ERROR;
				CLANG_WARN_DOCUMENTATION_COMMENTS = YES;
				CLANG_WARN_EMPTY_BODY = YES;
				CLANG_WARN_ENUM_CONVERSION = YES;
				CLANG_WARN_INFINITE_RECURSION = YES;
				CLANG_WARN_INT_CONVERSION = YES;
				CLANG_WARN_NON_LITERAL_NULL_CONVERSION = YES;
				CLANG_WARN_OBJC_IMPLICIT_RETAIN_SELF = YES;
				CLANG_WARN_OBJC_LITERAL_CONVERSION = YES;
				CLANG_WARN_OBJC_ROOT_CLASS = YES_ERROR;
				CLANG_WARN_RANGE_LOOP_ANALYSIS = YES;
				CLANG_WARN_STRICT_PROTOTYPES = YES;
				CLANG_WARN_SUSPICIOUS_MOVE = YES;
				CLANG_WARN_UNGUARDED_AVAILABILITY = YES_AGGRESSIVE;
				CLANG_WARN_UNREACHABLE_CODE = YES;
				CLANG_WARN__DUPLICATE_METHOD_MATCH = YES;
				CODE_SIGN_IDENTITY = "iPhone Developer";
				COPY_PHASE_STRIP = NO;
				DEBUG_INFORMATION_FORMAT = "dwarf-with-dsym";
				ENABLE_NS_ASSERTIONS = NO;
				ENABLE_STRICT_OBJC_MSGSEND = YES;
				GCC_C_LANGUAGE_STANDARD = gnu11;
				GCC_NO_COMMON_BLOCKS = YES;
				GCC_WARN_64_TO_32_BIT_CONVERSION = YES;
				GCC_WARN_ABOUT_RETURN_TYPE = YES_ERROR;
				GCC_WARN_UNDECLARED_SELECTOR = YES;
				GCC_WARN_UNINITIALIZED_AUTOS = YES_AGGRESSIVE;
				GCC_WARN_UNUSED_FUNCTION = YES;
				GCC_WARN_UNUSED_VARIABLE = YES;
				IPHONEOS_DEPLOYMENT_TARGET = 11.3;
				MTL_ENABLE_DEBUG_INFO = NO;
				SDKROOT = iphoneos;
				VALIDATE_PRODUCT = YES;
			};
			name = Release;
		};
		04C55DD12096B60400C9BE9A /* Debug */ = {
			isa = XCBuildConfiguration;
			baseConfigurationReference = 47215FEA1954C79CAF6156A8 /* Pods-EchoQQMusicImitate.debug.xcconfig */;
			buildSettings = {
				ASSETCATALOG_COMPILER_APPICON_NAME = AppIcon;
				ASSETCATALOG_COMPILER_LAUNCHIMAGE_NAME = LaunchImage;
				CODE_SIGN_STYLE = Automatic;
				DEVELOPMENT_TEAM = R94472JZM4;
				GCC_PREFIX_HEADER = "/Users/mac/Documents/programming/Objective-CProgramme/EchoQQMusicImitate/EchoQQMusicImitate/EchoQQMusicImitate/PublicDefine/PrefixHeader.pch";
				INFOPLIST_FILE = EchoQQMusicImitate/Info.plist;
				LD_RUNPATH_SEARCH_PATHS = (
					"$(inherited)",
					"@executable_path/Frameworks",
				);
				PRODUCT_BUNDLE_IDENTIFIER = mac.EchoQQMusicImitate;
				PRODUCT_NAME = "$(TARGET_NAME)";
				TARGETED_DEVICE_FAMILY = 1;
			};
			name = Debug;
		};
		04C55DD22096B60400C9BE9A /* Release */ = {
			isa = XCBuildConfiguration;
			baseConfigurationReference = 8FC7C8B7E29A53C99B8162A3 /* Pods-EchoQQMusicImitate.release.xcconfig */;
			buildSettings = {
				ASSETCATALOG_COMPILER_APPICON_NAME = AppIcon;
				ASSETCATALOG_COMPILER_LAUNCHIMAGE_NAME = LaunchImage;
				CODE_SIGN_STYLE = Automatic;
				DEVELOPMENT_TEAM = R94472JZM4;
				GCC_PREFIX_HEADER = "/Users/mac/Documents/programming/Objective-CProgramme/EchoQQMusicImitate/EchoQQMusicImitate/EchoQQMusicImitate/PublicDefine/PrefixHeader.pch";
				INFOPLIST_FILE = EchoQQMusicImitate/Info.plist;
				LD_RUNPATH_SEARCH_PATHS = (
					"$(inherited)",
					"@executable_path/Frameworks",
				);
				PRODUCT_BUNDLE_IDENTIFIER = mac.EchoQQMusicImitate;
				PRODUCT_NAME = "$(TARGET_NAME)";
				TARGETED_DEVICE_FAMILY = 1;
			};
			name = Release;
		};
/* End XCBuildConfiguration section */

/* Begin XCConfigurationList section */
		04C55DB52096B60300C9BE9A /* Build configuration list for PBXProject "EchoQQMusicImitate" */ = {
			isa = XCConfigurationList;
			buildConfigurations = (
				04C55DCE2096B60400C9BE9A /* Debug */,
				04C55DCF2096B60400C9BE9A /* Release */,
			);
			defaultConfigurationIsVisible = 0;
			defaultConfigurationName = Release;
		};
		04C55DD02096B60400C9BE9A /* Build configuration list for PBXNativeTarget "EchoQQMusicImitate" */ = {
			isa = XCConfigurationList;
			buildConfigurations = (
				04C55DD12096B60400C9BE9A /* Debug */,
				04C55DD22096B60400C9BE9A /* Release */,
			);
			defaultConfigurationIsVisible = 0;
			defaultConfigurationName = Release;
		};
/* End XCConfigurationList section */
	};
	rootObject = 04C55DB22096B60300C9BE9A /* Project object */;
}
